
Microsoft Visual Studio Solution File, Format Version 12.00
# Visual Studio 2012
Project("{FAE04EC0-301F-11D3-BF4B-00C04F79EFBC}") = "salesforceQuery", "salesforceQuery.csproj", "{6B08A690-B87B-4F7B-A58F-5F2A759B4C58}"
EndProject
Global
	GlobalSection(SolutionConfigurationPlatforms) = preSolution
		Debug|x86 = Debug|x86
		Release|x86 = Release|x86
	EndGlobalSection
	GlobalSection(ProjectConfigurationPlatforms) = postSolution
		{6B08A690-B87B-4F7B-A58F-5F2A759B4C58}.Debug|x86.ActiveCfg = Debug|x86
		{6B08A690-B87B-4F7B-A58F-5F2A759B4C58}.Debug|x86.Build.0 = Debug|x86
		{6B08A690-B87B-4F7B-A58F-5F2A759B4C58}.Release|x86.ActiveCfg = Release|x86
		{6B08A690-B87B-4F7B-A58F-5F2A759B4C58}.Release|x86.Build.0 = Release|x86
	EndGlobalSection
EndGlobal
